
Microsoft Visual Studio Solution File, Format Version 12.00
# Visual Studio Version 17
VisualStudioVersion = 17.5.002.0
MinimumVisualStudioVersion = 10.0.40219.1
Project("{9A19103F-16F7-4668-BE54-9A1E7A4F7556}") = "Starter", "Starter\Starter.csproj", "{0263169C-0C91-458F-8C7D-130A3CB9F186}"
EndProject
Project("{FAE04EC0-301F-11D3-BF4B-00C04F79EFBC}") = "ConversorBinario", "..\ConversorBinario\ConversorBinario.csproj", "{6F6C4930-FFCD-4DC7-BADF-35980910AA79}"
EndProject
Project("{FAE04EC0-301F-11D3-BF4B-00C04F79EFBC}") = "ParOuImpar", "..\ParOuImpar\ParOuImpar.csproj", "{4BB3C670-F653-4AE8-9CDE-AEA6DC6E1F44}"
EndProject
Global
	GlobalSection(SolutionConfigurationPlatforms) = preSolution
		Debug|Any CPU = Debug|Any CPU
		Release|Any CPU = Release|Any CPU
	EndGlobalSection
	GlobalSection(ProjectConfigurationPlatforms) = postSolution
		{0263169C-0C91-458F-8C7D-130A3CB9F186}.Debug|Any CPU.ActiveCfg = Debug|Any CPU
		{0263169C-0C91-458F-8C7D-130A3CB9F186}.Debug|Any CPU.Build.0 = Debug|Any CPU
		{0263169C-0C91-458F-8C7D-130A3CB9F186}.Release|Any CPU.ActiveCfg = Release|Any CPU
		{0263169C-0C91-458F-8C7D-130A3CB9F186}.Release|Any CPU.Build.0 = Release|Any CPU
		{6F6C4930-FFCD-4DC7-BADF-35980910AA79}.Debug|Any CPU.ActiveCfg = Debug|Any CPU
		{6F6C4930-FFCD-4DC7-BADF-35980910AA79}.Debug|Any CPU.Build.0 = Debug|Any CPU
		{6F6C4930-FFCD-4DC7-BADF-35980910AA79}.Release|Any CPU.ActiveCfg = Release|Any CPU
		{6F6C4930-FFCD-4DC7-BADF-35980910AA79}.Release|Any CPU.Build.0 = Release|Any CPU
		{4BB3C670-F653-4AE8-9CDE-AEA6DC6E1F44}.Debug|Any CPU.ActiveCfg = Debug|Any CPU
		{4BB3C670-F653-4AE8-9CDE-AEA6DC6E1F44}.Debug|Any CPU.Build.0 = Debug|Any CPU
		{4BB3C670-F653-4AE8-9CDE-AEA6DC6E1F44}.Release|Any CPU.ActiveCfg = Release|Any CPU
		{4BB3C670-F653-4AE8-9CDE-AEA6DC6E1F44}.Release|Any CPU.Build.0 = Release|Any CPU
	EndGlobalSection
	GlobalSection(SolutionProperties) = preSolution
		HideSolutionNode = FALSE
	EndGlobalSection
	GlobalSection(ExtensibilityGlobals) = postSolution
		SolutionGuid = {BFB9E21B-264C-4209-ABB6-6D71B32B4AAB}
	EndGlobalSection
EndGlobal
